
Microsoft Visual Studio Solution File, Format Version 12.00
# Visual Studio 2013
VisualStudioVersion = 12.0.21005.1
MinimumVisualStudioVersion = 10.0.40219.1
Project("{FAE04EC0-301F-11D3-BF4B-00C04F79EFBC}") = "ImagePro", "ImagePro\ImagePro.csproj", "{67F5D53B-CBB2-48A3-A531-8EF3DB192BDE}"
EndProject
Project("{FAE04EC0-301F-11D3-BF4B-00C04F79EFBC}") = "ImagePro.Tests", "ImagePro.Tests\ImagePro.Tests.csproj", "{8E2AB8E2-CC90-4B3B-9F3A-C917FE394828}"
EndProject
Project("{FAE04EC0-301F-11D3-BF4B-00C04F79EFBC}") = "ImagePro.Model", "ImagePro.Model\ImagePro.Model.csproj", "{92D10F13-6DA5-4640-8464-4A700E59D83E}"
EndProject
Project("{FAE04EC0-301F-11D3-BF4B-00C04F79EFBC}") = "ImagePro.DataSQL", "ImagePro.DataSQL\ImagePro.DataSQL.csproj", "{AC909BC7-FA26-4F75-91BC-39BAC6E45F7F}"
EndProject
Global
	GlobalSection(SolutionConfigurationPlatforms) = preSolution
		Debug|Any CPU = Debug|Any CPU
		Release|Any CPU = Release|Any CPU
	EndGlobalSection
	GlobalSection(ProjectConfigurationPlatforms) = postSolution
		{67F5D53B-CBB2-48A3-A531-8EF3DB192BDE}.Debug|Any CPU.ActiveCfg = Debug|Any CPU
		{67F5D53B-CBB2-48A3-A531-8EF3DB192BDE}.Debug|Any CPU.Build.0 = Debug|Any CPU
		{67F5D53B-CBB2-48A3-A531-8EF3DB192BDE}.Release|Any CPU.ActiveCfg = Release|Any CPU
		{67F5D53B-CBB2-48A3-A531-8EF3DB192BDE}.Release|Any CPU.Build.0 = Release|Any CPU
		{8E2AB8E2-CC90-4B3B-9F3A-C917FE394828}.Debug|Any CPU.ActiveCfg = Debug|Any CPU
		{8E2AB8E2-CC90-4B3B-9F3A-C917FE394828}.Debug|Any CPU.Build.0 = Debug|Any CPU
		{8E2AB8E2-CC90-4B3B-9F3A-C917FE394828}.Release|Any CPU.ActiveCfg = Release|Any CPU
		{8E2AB8E2-CC90-4B3B-9F3A-C917FE394828}.Release|Any CPU.Build.0 = Release|Any CPU
		{92D10F13-6DA5-4640-8464-4A700E59D83E}.Debug|Any CPU.ActiveCfg = Debug|Any CPU
		{92D10F13-6DA5-4640-8464-4A700E59D83E}.Debug|Any CPU.Build.0 = Debug|Any CPU
		{92D10F13-6DA5-4640-8464-4A700E59D83E}.Release|Any CPU.ActiveCfg = Release|Any CPU
		{92D10F13-6DA5-4640-8464-4A700E59D83E}.Release|Any CPU.Build.0 = Release|Any CPU
		{AC909BC7-FA26-4F75-91BC-39BAC6E45F7F}.Debug|Any CPU.ActiveCfg = Debug|Any CPU
		{AC909BC7-FA26-4F75-91BC-39BAC6E45F7F}.Debug|Any CPU.Build.0 = Debug|Any CPU
		{AC909BC7-FA26-4F75-91BC-39BAC6E45F7F}.Release|Any CPU.ActiveCfg = Release|Any CPU
		{AC909BC7-FA26-4F75-91BC-39BAC6E45F7F}.Release|Any CPU.Build.0 = Release|Any CPU
	EndGlobalSection
	GlobalSection(SolutionProperties) = preSolution
		HideSolutionNode = FALSE
	EndGlobalSection
EndGlobal
